
Microsoft Visual Studio Solution File, Format Version 11.00
# Visual Studio 2010
Project("{FAE04EC0-301F-11D3-BF4B-00C04F79EFBC}") = "LabApplication", "LabApplication\LabApplication.csproj", "{7D48090C-F26B-4CE4-BC7D-714B0A492FA0}"
EndProject
Global
	GlobalSection(SolutionConfigurationPlatforms) = preSolution
		Debug|Any CPU = Debug|Any CPU
		Release|Any CPU = Release|Any CPU
	EndGlobalSection
	GlobalSection(ProjectConfigurationPlatforms) = postSolution
		{7D48090C-F26B-4CE4-BC7D-714B0A492FA0}.Debug|Any CPU.ActiveCfg = Debug|Any CPU
		{7D48090C-F26B-4CE4-BC7D-714B0A492FA0}.Debug|Any CPU.Build.0 = Debug|Any CPU
		{7D48090C-F26B-4CE4-BC7D-714B0A492FA0}.Release|Any CPU.ActiveCfg = Release|Any CPU
		{7D48090C-F26B-4CE4-BC7D-714B0A492FA0}.Release|Any CPU.Build.0 = Release|Any CPU
	EndGlobalSection
	GlobalSection(SolutionProperties) = preSolution
		HideSolutionNode = FALSE
	EndGlobalSection
EndGlobal
